hash: 48807985d9072f7201263784bc89bcd23337fe2c4de9d7f518085d2093366cf6
updated: 2016-10-07T01:57:30.954301022+02:00
imports:
- name: github.com/amir/raidman
  version: c74861fe6a7bb8ede0a010ce4485bdbb4fc4c985
  subpackages:
  - proto
- name: github.com/cactus/go-statsd-client
  version: 91c326c3f7bd20f0226d3d1c289dd9f8ce28d33d
  subpackages:
  - statsd
- name: github.com/docker/distribution
  version: 12acdf0a6c1e56d965ac6eb395d2bce687bf22fc
  subpackages:
  - context
  - digest
  - manifest
  - manifest/schema1
  - reference
  - uuid
- name: github.com/docker/docker
  version: 694ba71e365c6b9aa7472a9ef29bbde3cba6dce2
  subpackages:
  - api/types/filters
  - api/types/mount
  - api/types/swarm
  - api/types/versions
  - opts
  - pkg/archive
  - pkg/fileutils
  - pkg/homedir
  - pkg/idtools
  - pkg/ioutils
  - pkg/longpath
  - pkg/pools
  - pkg/promise
  - pkg/stdcopy
  - pkg/system
- name: github.com/docker/go-units
  version: f2145db703495b2e525c59662db69a7344b00bb8
- name: github.com/docker/libtrust
  version: fa567046d9b14f6aa788882a950d69651d230b21
- name: github.com/fsouza/go-dockerclient
  version: 519179ce6c6db417b0f092abf47d7d73e4e0d900
- name: github.com/golang/protobuf
  version: 8d92cf5fc15a4382f8964b08e1f42a75c0591aa3
  subpackages:
  - proto
- name: github.com/gorilla/context
  version: 14f550f51af52180c2eefed15e5fd18d63c0a64a
- name: github.com/gorilla/mux
  version: e444e69cbd2e2e3e0749a2f3c717cec491552bbf
- name: github.com/hashicorp/go-cleanhttp
  version: ad28ea4487f05916463e2423a55166280e8254b5
- name: github.com/heroku/docker-registry-client
  version: e6568fe3de1cb83f1fe3107e7637c8be829ef149
  subpackages:
  - registry
- name: github.com/Microsoft/go-winio
  version: ce2922f643c8fd76b46cadc7f404a06282678b34
- name: github.com/opencontainers/runc
  version: 02f8fa7863dd3f82909a73e2061897828460d52f
  subpackages:
  - libcontainer/system
  - libcontainer/user
- name: github.com/Sirupsen/logrus
  version: 4b6ea7319e214d98c938f12692336f7ca9348d6b
  subpackages:
  - hooks/syslog
- name: golang.org/x/net
  version: 4876518f9e71663000c348837735820161a42df7
  subpackages:
  - context
  - context/ctxhttp
  - proxy
- name: golang.org/x/sys
  version: 8f0908ab3b2457e2e15403d3697c9ef5cb4b57a9
  subpackages:
  - unix
  - windows
testImports: []
