hash: 9ea577fb26a0cb7f5eff2f412bb9ee4ab75514625f674b6a22618e73d41f5044
updated: 2016-10-31T17:35:55.012819798-07:00
imports:
- name: github.com/amir/raidman
  version: c74861fe6a7bb8ede0a010ce4485bdbb4fc4c985
  subpackages:
  - proto
- name: github.com/cactus/go-statsd-client
  version: 91c326c3f7bd20f0226d3d1c289dd9f8ce28d33d
  subpackages:
  - statsd
- name: github.com/docker/distribution
  version: 252cc27ab1272108bfd74cf939d354db77862d93
  subpackages:
  - manifest/schema1
  - context
  - digest
  - manifest
  - reference
  - uuid
- name: github.com/docker/docker
  version: 9bd8c1d3321d1b264e84ff5fba4dc04730c264f3
  subpackages:
  - api/types/swarm
  - opts
  - pkg/archive
  - pkg/fileutils
  - pkg/homedir
  - pkg/stdcopy
  - api/types/mount
  - api/types/filters
  - pkg/idtools
  - pkg/ioutils
  - pkg/pools
  - pkg/promise
  - pkg/system
  - pkg/longpath
  - api/types/versions
- name: github.com/docker/go-units
  version: f2145db703495b2e525c59662db69a7344b00bb8
- name: github.com/docker/libtrust
  version: fa567046d9b14f6aa788882a950d69651d230b21
- name: github.com/fsouza/go-dockerclient
  version: 4bae70ae976745ea1cd0db139b53f83a7bcb898d
- name: github.com/golang/protobuf
  version: 2402d76f3d41f928c7902a765dfc872356dd3aad
  subpackages:
  - proto
- name: github.com/gorilla/context
  version: 14f550f51af52180c2eefed15e5fd18d63c0a64a
- name: github.com/gorilla/mux
  version: e444e69cbd2e2e3e0749a2f3c717cec491552bbf
- name: github.com/hashicorp/go-cleanhttp
  version: ad28ea4487f05916463e2423a55166280e8254b5
- name: github.com/heroku/docker-registry-client
  version: 2a2e6b9e3eed0a98d438f111ba7469744c07281d
  subpackages:
  - registry
- name: github.com/Microsoft/go-winio
  version: ce2922f643c8fd76b46cadc7f404a06282678b34
- name: github.com/opencontainers/runc
  version: 8d505cb9dc8d665c59a7f1491bf0e2a6bd5a5319
  subpackages:
  - libcontainer/system
  - libcontainer/user
- name: github.com/pivotal-golang/bytefmt
  version: b12c1522f4cbb5f35861bd5dd2c39a4fa996441a
- name: github.com/Sirupsen/logrus
  version: 4b6ea7319e214d98c938f12692336f7ca9348d6b
  subpackages:
  - hooks/syslog
- name: golang.org/x/net
  version: 4876518f9e71663000c348837735820161a42df7
  subpackages:
  - proxy
  - context
  - context/ctxhttp
- name: golang.org/x/sys
  version: 9eef40adf05b951699605195b829612bd7b69952
  subpackages:
  - unix
  - windows
devImports: []
testImports:
- name: github.com/vrischmann/envconfig
  version: 757beaaeac8d14bcc7ea3f71488d65cf45cf2eff
